
Microsoft Visual Studio Solution File, Format Version 12.00
# Visual Studio Version 17
VisualStudioVersion = 17.14.36301.6 d17.14
MinimumVisualStudioVersion = 10.0.40219.1
Project("{FAE04EC0-301F-11D3-BF4B-00C04F79EFBC}") = "Prime_Numbers", "Prime_Numbers.csproj", "{CC28864D-F1FF-4C7E-B501-2E90F6D3235F}"
EndProject
Global
	GlobalSection(SolutionConfigurationPlatforms) = preSolution
		Debug|Any CPU = Debug|Any CPU
		Release|Any CPU = Release|Any CPU
	EndGlobalSection
	GlobalSection(ProjectConfigurationPlatforms) = postSolution
		{CC28864D-F1FF-4C7E-B501-2E90F6D3235F}.Debug|Any CPU.ActiveCfg = Debug|Any CPU
		{CC28864D-F1FF-4C7E-B501-2E90F6D3235F}.Debug|Any CPU.Build.0 = Debug|Any CPU
		{CC28864D-F1FF-4C7E-B501-2E90F6D3235F}.Release|Any CPU.ActiveCfg = Release|Any CPU
		{CC28864D-F1FF-4C7E-B501-2E90F6D3235F}.Release|Any CPU.Build.0 = Release|Any CPU
	EndGlobalSection
	GlobalSection(SolutionProperties) = preSolution
		HideSolutionNode = FALSE
	EndGlobalSection
	GlobalSection(ExtensibilityGlobals) = postSolution
		SolutionGuid = {838D495C-086C-4335-B3C0-CD54DF889A85}
	EndGlobalSection
EndGlobal
