
Microsoft Visual Studio Solution File, Format Version 12.00
# Visual Studio Version 17
VisualStudioVersion = 17.14.36301.6 d17.14
MinimumVisualStudioVersion = 10.0.40219.1
Project("{FAE04EC0-301F-11D3-BF4B-00C04F79EFBC}") = "Power_NUmbers_Test", "Power_NUmbers_Test.csproj", "{2810D2AE-B32A-4DF9-BA45-746FAFB7948E}"
EndProject
Global
	GlobalSection(SolutionConfigurationPlatforms) = preSolution
		Debug|Any CPU = Debug|Any CPU
		Release|Any CPU = Release|Any CPU
	EndGlobalSection
	GlobalSection(ProjectConfigurationPlatforms) = postSolution
		{2810D2AE-B32A-4DF9-BA45-746FAFB7948E}.Debug|Any CPU.ActiveCfg = Debug|Any CPU
		{2810D2AE-B32A-4DF9-BA45-746FAFB7948E}.Debug|Any CPU.Build.0 = Debug|Any CPU
		{2810D2AE-B32A-4DF9-BA45-746FAFB7948E}.Release|Any CPU.ActiveCfg = Release|Any CPU
		{2810D2AE-B32A-4DF9-BA45-746FAFB7948E}.Release|Any CPU.Build.0 = Release|Any CPU
	EndGlobalSection
	GlobalSection(SolutionProperties) = preSolution
		HideSolutionNode = FALSE
	EndGlobalSection
	GlobalSection(ExtensibilityGlobals) = postSolution
		SolutionGuid = {A2CF42CA-F155-45D4-AFB2-1C21D05576B0}
	EndGlobalSection
EndGlobal
