
Microsoft Visual Studio Solution File, Format Version 12.00
# Visual Studio Version 17
VisualStudioVersion = 17.14.36301.6 d17.14
MinimumVisualStudioVersion = 10.0.40219.1
Project("{FAE04EC0-301F-11D3-BF4B-00C04F79EFBC}") = "Computer_Program2", "Computer_Program2.csproj", "{AD75F389-72D8-4C52-801A-76ECA30CF2A1}"
EndProject
Global
	GlobalSection(SolutionConfigurationPlatforms) = preSolution
		Debug|Any CPU = Debug|Any CPU
		Release|Any CPU = Release|Any CPU
	EndGlobalSection
	GlobalSection(ProjectConfigurationPlatforms) = postSolution
		{AD75F389-72D8-4C52-801A-76ECA30CF2A1}.Debug|Any CPU.ActiveCfg = Debug|Any CPU
		{AD75F389-72D8-4C52-801A-76ECA30CF2A1}.Debug|Any CPU.Build.0 = Debug|Any CPU
		{AD75F389-72D8-4C52-801A-76ECA30CF2A1}.Release|Any CPU.ActiveCfg = Release|Any CPU
		{AD75F389-72D8-4C52-801A-76ECA30CF2A1}.Release|Any CPU.Build.0 = Release|Any CPU
	EndGlobalSection
	GlobalSection(SolutionProperties) = preSolution
		HideSolutionNode = FALSE
	EndGlobalSection
	GlobalSection(ExtensibilityGlobals) = postSolution
		SolutionGuid = {D8505F5E-BF9E-4DE5-8A9B-5F825A14B4C0}
	EndGlobalSection
EndGlobal
