
Microsoft Visual Studio Solution File, Format Version 12.00
# Visual Studio Version 17
VisualStudioVersion = 17.14.36301.6 d17.14
MinimumVisualStudioVersion = 10.0.40219.1
Project("{FAE04EC0-301F-11D3-BF4B-00C04F79EFBC}") = "Fibonacci_Numbers", "Fibonacci_Numbers.csproj", "{F13DBE70-A2A7-4848-AB53-3C5095D35CEC}"
EndProject
Global
	GlobalSection(SolutionConfigurationPlatforms) = preSolution
		Debug|Any CPU = Debug|Any CPU
		Release|Any CPU = Release|Any CPU
	EndGlobalSection
	GlobalSection(ProjectConfigurationPlatforms) = postSolution
		{F13DBE70-A2A7-4848-AB53-3C5095D35CEC}.Debug|Any CPU.ActiveCfg = Debug|Any CPU
		{F13DBE70-A2A7-4848-AB53-3C5095D35CEC}.Debug|Any CPU.Build.0 = Debug|Any CPU
		{F13DBE70-A2A7-4848-AB53-3C5095D35CEC}.Release|Any CPU.ActiveCfg = Release|Any CPU
		{F13DBE70-A2A7-4848-AB53-3C5095D35CEC}.Release|Any CPU.Build.0 = Release|Any CPU
	EndGlobalSection
	GlobalSection(SolutionProperties) = preSolution
		HideSolutionNode = FALSE
	EndGlobalSection
	GlobalSection(ExtensibilityGlobals) = postSolution
		SolutionGuid = {6E5E4B67-5B02-419B-9373-3A30AAA281C0}
	EndGlobalSection
EndGlobal
