
Microsoft Visual Studio Solution File, Format Version 12.00
# Visual Studio Version 17
VisualStudioVersion = 17.14.36301.6 d17.14
MinimumVisualStudioVersion = 10.0.40219.1
Project("{FAE04EC0-301F-11D3-BF4B-00C04F79EFBC}") = "Biggest_Number_Program", "Biggest_Number_Program.csproj", "{DDEE8C21-42D9-4AA6-B13F-83A78F2B81C5}"
EndProject
Global
	GlobalSection(SolutionConfigurationPlatforms) = preSolution
		Debug|Any CPU = Debug|Any CPU
		Release|Any CPU = Release|Any CPU
	EndGlobalSection
	GlobalSection(ProjectConfigurationPlatforms) = postSolution
		{DDEE8C21-42D9-4AA6-B13F-83A78F2B81C5}.Debug|Any CPU.ActiveCfg = Debug|Any CPU
		{DDEE8C21-42D9-4AA6-B13F-83A78F2B81C5}.Debug|Any CPU.Build.0 = Debug|Any CPU
		{DDEE8C21-42D9-4AA6-B13F-83A78F2B81C5}.Release|Any CPU.ActiveCfg = Release|Any CPU
		{DDEE8C21-42D9-4AA6-B13F-83A78F2B81C5}.Release|Any CPU.Build.0 = Release|Any CPU
	EndGlobalSection
	GlobalSection(SolutionProperties) = preSolution
		HideSolutionNode = FALSE
	EndGlobalSection
	GlobalSection(ExtensibilityGlobals) = postSolution
		SolutionGuid = {D628D70D-0965-47D3-AA3E-D0D5A1D32E50}
	EndGlobalSection
EndGlobal
