
Microsoft Visual Studio Solution File, Format Version 12.00
# Visual Studio Version 17
VisualStudioVersion = 17.14.36301.6 d17.14
MinimumVisualStudioVersion = 10.0.40219.1
Project("{FAE04EC0-301F-11D3-BF4B-00C04F79EFBC}") = "Prime Counter Test", "Prime Counter Test.csproj", "{BF56E6AD-C52E-472D-8184-B139891FF7B9}"
EndProject
Global
	GlobalSection(SolutionConfigurationPlatforms) = preSolution
		Debug|Any CPU = Debug|Any CPU
		Release|Any CPU = Release|Any CPU
	EndGlobalSection
	GlobalSection(ProjectConfigurationPlatforms) = postSolution
		{BF56E6AD-C52E-472D-8184-B139891FF7B9}.Debug|Any CPU.ActiveCfg = Debug|Any CPU
		{BF56E6AD-C52E-472D-8184-B139891FF7B9}.Debug|Any CPU.Build.0 = Debug|Any CPU
		{BF56E6AD-C52E-472D-8184-B139891FF7B9}.Release|Any CPU.ActiveCfg = Release|Any CPU
		{BF56E6AD-C52E-472D-8184-B139891FF7B9}.Release|Any CPU.Build.0 = Release|Any CPU
	EndGlobalSection
	GlobalSection(SolutionProperties) = preSolution
		HideSolutionNode = FALSE
	EndGlobalSection
	GlobalSection(ExtensibilityGlobals) = postSolution
		SolutionGuid = {298C6051-9EB4-4E76-BC82-DC5BB45562CB}
	EndGlobalSection
EndGlobal
