
Microsoft Visual Studio Solution File, Format Version 12.00
# Visual Studio Version 17
VisualStudioVersion = 17.14.36301.6 d17.14
MinimumVisualStudioVersion = 10.0.40219.1
Project("{FAE04EC0-301F-11D3-BF4B-00C04F79EFBC}") = "Employee_Program", "Employee_Program.csproj", "{6BD4F6A2-DCB1-4B33-B79B-A99ED2C7EF21}"
EndProject
Global
	GlobalSection(SolutionConfigurationPlatforms) = preSolution
		Debug|Any CPU = Debug|Any CPU
		Release|Any CPU = Release|Any CPU
	EndGlobalSection
	GlobalSection(ProjectConfigurationPlatforms) = postSolution
		{6BD4F6A2-DCB1-4B33-B79B-A99ED2C7EF21}.Debug|Any CPU.ActiveCfg = Debug|Any CPU
		{6BD4F6A2-DCB1-4B33-B79B-A99ED2C7EF21}.Debug|Any CPU.Build.0 = Debug|Any CPU
		{6BD4F6A2-DCB1-4B33-B79B-A99ED2C7EF21}.Release|Any CPU.ActiveCfg = Release|Any CPU
		{6BD4F6A2-DCB1-4B33-B79B-A99ED2C7EF21}.Release|Any CPU.Build.0 = Release|Any CPU
	EndGlobalSection
	GlobalSection(SolutionProperties) = preSolution
		HideSolutionNode = FALSE
	EndGlobalSection
	GlobalSection(ExtensibilityGlobals) = postSolution
		SolutionGuid = {B7FE8671-9C3C-4A04-88C1-0ACA71A0D911}
	EndGlobalSection
EndGlobal
