
Microsoft Visual Studio Solution File, Format Version 12.00
# Visual Studio Version 17
VisualStudioVersion = 17.14.36301.6 d17.14
MinimumVisualStudioVersion = 10.0.40219.1
Project("{FAE04EC0-301F-11D3-BF4B-00C04F79EFBC}") = "Employee_Program1", "Employee_Program1.csproj", "{D2F28604-7FA9-4DB2-8B31-7091B6A6144C}"
EndProject
Global
	GlobalSection(SolutionConfigurationPlatforms) = preSolution
		Debug|Any CPU = Debug|Any CPU
		Release|Any CPU = Release|Any CPU
	EndGlobalSection
	GlobalSection(ProjectConfigurationPlatforms) = postSolution
		{D2F28604-7FA9-4DB2-8B31-7091B6A6144C}.Debug|Any CPU.ActiveCfg = Debug|Any CPU
		{D2F28604-7FA9-4DB2-8B31-7091B6A6144C}.Debug|Any CPU.Build.0 = Debug|Any CPU
		{D2F28604-7FA9-4DB2-8B31-7091B6A6144C}.Release|Any CPU.ActiveCfg = Release|Any CPU
		{D2F28604-7FA9-4DB2-8B31-7091B6A6144C}.Release|Any CPU.Build.0 = Release|Any CPU
	EndGlobalSection
	GlobalSection(SolutionProperties) = preSolution
		HideSolutionNode = FALSE
	EndGlobalSection
	GlobalSection(ExtensibilityGlobals) = postSolution
		SolutionGuid = {6925FF02-F060-44D3-9985-AA4380D5630D}
	EndGlobalSection
EndGlobal
