
Microsoft Visual Studio Solution File, Format Version 12.00
# Visual Studio Version 17
VisualStudioVersion = 17.14.36301.6 d17.14
MinimumVisualStudioVersion = 10.0.40219.1
Project("{FAE04EC0-301F-11D3-BF4B-00C04F79EFBC}") = "Pİ_Calculator", "Pİ_Calculator.csproj", "{48A2ED78-1B6C-4C42-AAB2-CAA57D0606CD}"
EndProject
Global
	GlobalSection(SolutionConfigurationPlatforms) = preSolution
		Debug|Any CPU = Debug|Any CPU
		Release|Any CPU = Release|Any CPU
	EndGlobalSection
	GlobalSection(ProjectConfigurationPlatforms) = postSolution
		{48A2ED78-1B6C-4C42-AAB2-CAA57D0606CD}.Debug|Any CPU.ActiveCfg = Debug|Any CPU
		{48A2ED78-1B6C-4C42-AAB2-CAA57D0606CD}.Debug|Any CPU.Build.0 = Debug|Any CPU
		{48A2ED78-1B6C-4C42-AAB2-CAA57D0606CD}.Release|Any CPU.ActiveCfg = Release|Any CPU
		{48A2ED78-1B6C-4C42-AAB2-CAA57D0606CD}.Release|Any CPU.Build.0 = Release|Any CPU
	EndGlobalSection
	GlobalSection(SolutionProperties) = preSolution
		HideSolutionNode = FALSE
	EndGlobalSection
	GlobalSection(ExtensibilityGlobals) = postSolution
		SolutionGuid = {0DFAE0B7-3BBC-42AD-A882-0F702B11A0EA}
	EndGlobalSection
EndGlobal
