
Microsoft Visual Studio Solution File, Format Version 12.00
# Visual Studio Version 17
VisualStudioVersion = 17.14.36301.6 d17.14
MinimumVisualStudioVersion = 10.0.40219.1
Project("{FAE04EC0-301F-11D3-BF4B-00C04F79EFBC}") = "Computer_Network", "Computer_Network.csproj", "{808132F1-A401-423D-B212-AC524D51CA70}"
EndProject
Global
	GlobalSection(SolutionConfigurationPlatforms) = preSolution
		Debug|Any CPU = Debug|Any CPU
		Release|Any CPU = Release|Any CPU
	EndGlobalSection
	GlobalSection(ProjectConfigurationPlatforms) = postSolution
		{808132F1-A401-423D-B212-AC524D51CA70}.Debug|Any CPU.ActiveCfg = Debug|Any CPU
		{808132F1-A401-423D-B212-AC524D51CA70}.Debug|Any CPU.Build.0 = Debug|Any CPU
		{808132F1-A401-423D-B212-AC524D51CA70}.Release|Any CPU.ActiveCfg = Release|Any CPU
		{808132F1-A401-423D-B212-AC524D51CA70}.Release|Any CPU.Build.0 = Release|Any CPU
	EndGlobalSection
	GlobalSection(SolutionProperties) = preSolution
		HideSolutionNode = FALSE
	EndGlobalSection
	GlobalSection(ExtensibilityGlobals) = postSolution
		SolutionGuid = {88D1AEF7-2F03-4C9F-8AC6-C616C618EBD9}
	EndGlobalSection
EndGlobal
