
Microsoft Visual Studio Solution File, Format Version 12.00
# Visual Studio Version 17
VisualStudioVersion = 17.14.36301.6 d17.14
MinimumVisualStudioVersion = 10.0.40219.1
Project("{FAE04EC0-301F-11D3-BF4B-00C04F79EFBC}") = "Computer_Program4", "Computer_Program4.csproj", "{AD407C50-4EEC-4F3B-84CD-80DD9E122D48}"
EndProject
Global
	GlobalSection(SolutionConfigurationPlatforms) = preSolution
		Debug|Any CPU = Debug|Any CPU
		Release|Any CPU = Release|Any CPU
	EndGlobalSection
	GlobalSection(ProjectConfigurationPlatforms) = postSolution
		{AD407C50-4EEC-4F3B-84CD-80DD9E122D48}.Debug|Any CPU.ActiveCfg = Debug|Any CPU
		{AD407C50-4EEC-4F3B-84CD-80DD9E122D48}.Debug|Any CPU.Build.0 = Debug|Any CPU
		{AD407C50-4EEC-4F3B-84CD-80DD9E122D48}.Release|Any CPU.ActiveCfg = Release|Any CPU
		{AD407C50-4EEC-4F3B-84CD-80DD9E122D48}.Release|Any CPU.Build.0 = Release|Any CPU
	EndGlobalSection
	GlobalSection(SolutionProperties) = preSolution
		HideSolutionNode = FALSE
	EndGlobalSection
	GlobalSection(ExtensibilityGlobals) = postSolution
		SolutionGuid = {D8C475FA-B52B-475C-9DC1-122D33C37C6A}
	EndGlobalSection
EndGlobal
