
Microsoft Visual Studio Solution File, Format Version 12.00
# Visual Studio Version 17
VisualStudioVersion = 17.14.36301.6 d17.14
MinimumVisualStudioVersion = 10.0.40219.1
Project("{FAE04EC0-301F-11D3-BF4B-00C04F79EFBC}") = "Frequency_Program", "Frequency_Program.csproj", "{2C7288C3-6907-425B-878D-1E851FBA8C9C}"
EndProject
Global
	GlobalSection(SolutionConfigurationPlatforms) = preSolution
		Debug|Any CPU = Debug|Any CPU
		Release|Any CPU = Release|Any CPU
	EndGlobalSection
	GlobalSection(ProjectConfigurationPlatforms) = postSolution
		{2C7288C3-6907-425B-878D-1E851FBA8C9C}.Debug|Any CPU.ActiveCfg = Debug|Any CPU
		{2C7288C3-6907-425B-878D-1E851FBA8C9C}.Debug|Any CPU.Build.0 = Debug|Any CPU
		{2C7288C3-6907-425B-878D-1E851FBA8C9C}.Release|Any CPU.ActiveCfg = Release|Any CPU
		{2C7288C3-6907-425B-878D-1E851FBA8C9C}.Release|Any CPU.Build.0 = Release|Any CPU
	EndGlobalSection
	GlobalSection(SolutionProperties) = preSolution
		HideSolutionNode = FALSE
	EndGlobalSection
	GlobalSection(ExtensibilityGlobals) = postSolution
		SolutionGuid = {B390697A-7814-4080-8248-5AF5E960F3C3}
	EndGlobalSection
EndGlobal
