
Microsoft Visual Studio Solution File, Format Version 12.00
# Visual Studio Version 17
VisualStudioVersion = 17.14.36301.6 d17.14
MinimumVisualStudioVersion = 10.0.40219.1
Project("{FAE04EC0-301F-11D3-BF4B-00C04F79EFBC}") = "Prime_Display_Test", "Prime_Display_Test.csproj", "{1E17997B-B144-4C52-A36F-672268DEEB29}"
EndProject
Global
	GlobalSection(SolutionConfigurationPlatforms) = preSolution
		Debug|Any CPU = Debug|Any CPU
		Release|Any CPU = Release|Any CPU
	EndGlobalSection
	GlobalSection(ProjectConfigurationPlatforms) = postSolution
		{1E17997B-B144-4C52-A36F-672268DEEB29}.Debug|Any CPU.ActiveCfg = Debug|Any CPU
		{1E17997B-B144-4C52-A36F-672268DEEB29}.Debug|Any CPU.Build.0 = Debug|Any CPU
		{1E17997B-B144-4C52-A36F-672268DEEB29}.Release|Any CPU.ActiveCfg = Release|Any CPU
		{1E17997B-B144-4C52-A36F-672268DEEB29}.Release|Any CPU.Build.0 = Release|Any CPU
	EndGlobalSection
	GlobalSection(SolutionProperties) = preSolution
		HideSolutionNode = FALSE
	EndGlobalSection
	GlobalSection(ExtensibilityGlobals) = postSolution
		SolutionGuid = {AA8E47E5-C47F-4131-9FAE-C2EB7816FB37}
	EndGlobalSection
EndGlobal
